
Microsoft Visual Studio Solution File, Format Version 12.00
# Visual Studio 14
VisualStudioVersion = 14.0.24720.0
MinimumVisualStudioVersion = 10.0.40219.1
Project("{FAE04EC0-301F-11D3-BF4B-00C04F79EFBC}") = "Knapsack Problem", "..\Knapsack Problem\Knapsack Problem.csproj", "{50C1D173-F044-4236-B535-E01693CC48F2}"
EndProject
Project("{FAE04EC0-301F-11D3-BF4B-00C04F79EFBC}") = "MinimalEditDistance", "MinimalEditDistance\MinimalEditDistance.csproj", "{3A8D14F7-BDCA-41C3-B81B-D3B61A2EF926}"
EndProject
Global
	GlobalSection(SolutionConfigurationPlatforms) = preSolution
		Debug|Any CPU = Debug|Any CPU
		Release|Any CPU = Release|Any CPU
	EndGlobalSection
	GlobalSection(ProjectConfigurationPlatforms) = postSolution
		{50C1D173-F044-4236-B535-E01693CC48F2}.Debug|Any CPU.ActiveCfg = Debug|Any CPU
		{50C1D173-F044-4236-B535-E01693CC48F2}.Debug|Any CPU.Build.0 = Debug|Any CPU
		{50C1D173-F044-4236-B535-E01693CC48F2}.Release|Any CPU.ActiveCfg = Release|Any CPU
		{50C1D173-F044-4236-B535-E01693CC48F2}.Release|Any CPU.Build.0 = Release|Any CPU
		{3A8D14F7-BDCA-41C3-B81B-D3B61A2EF926}.Debug|Any CPU.ActiveCfg = Debug|Any CPU
		{3A8D14F7-BDCA-41C3-B81B-D3B61A2EF926}.Debug|Any CPU.Build.0 = Debug|Any CPU
		{3A8D14F7-BDCA-41C3-B81B-D3B61A2EF926}.Release|Any CPU.ActiveCfg = Release|Any CPU
		{3A8D14F7-BDCA-41C3-B81B-D3B61A2EF926}.Release|Any CPU.Build.0 = Release|Any CPU
	EndGlobalSection
	GlobalSection(SolutionProperties) = preSolution
		HideSolutionNode = FALSE
	EndGlobalSection
EndGlobal
